{
  "name": "odisea-optima",
  "version": "1.0.0",
  "lockfileVersion": 3,
  "requires": true,
  "packages": {
    "": {
      "name": "odisea-optima",
      "version": "1.0.0",
      "dependencies": {
        "javascript-lp-solver": "1.0.3"
      }
    },
    "node_modules/javascript-lp-solver": {
      "version": "1.0.3",
      "resolved": "https://registry.npmjs.org/javascript-lp-solver/-/javascript-lp-solver-1.0.3.tgz",
      "integrity": "sha512-+qUYrubmn227YTz25uf9wOTlgB3wFKGtutECxL1shjOkgi/Tcn3SpnC7+T9rxhv/JNOxLIfZ3O6wEx0FwLlXbw==",
      "license": "Unlicense"
    }
  }
}
